
Microsoft Visual Studio Solution File, Format Version 12.00
# Visual Studio Version 17
VisualStudioVersion = 17.6.33829.357
MinimumVisualStudioVersion = 10.0.40219.1
Project("{FAE04EC0-301F-11D3-BF4B-00C04F79EFBC}") = "topoKorea", "topoKorea\topoKorea.csproj", "{CA2873EC-FA65-4067-B8FA-DDB59A79A8DC}"
EndProject
Global
	GlobalSection(SolutionConfigurationPlatforms) = preSolution
		Debug|Any CPU = Debug|Any CPU
		Release|Any CPU = Release|Any CPU
	EndGlobalSection
	GlobalSection(ProjectConfigurationPlatforms) = postSolution
		{CA2873EC-FA65-4067-B8FA-DDB59A79A8DC}.Debug|Any CPU.ActiveCfg = Debug|Any CPU
		{CA2873EC-FA65-4067-B8FA-DDB59A79A8DC}.Debug|Any CPU.Build.0 = Debug|Any CPU
		{CA2873EC-FA65-4067-B8FA-DDB59A79A8DC}.Release|Any CPU.ActiveCfg = Release|Any CPU
		{CA2873EC-FA65-4067-B8FA-DDB59A79A8DC}.Release|Any CPU.Build.0 = Release|Any CPU
	EndGlobalSection
	GlobalSection(SolutionProperties) = preSolution
		HideSolutionNode = FALSE
	EndGlobalSection
	GlobalSection(ExtensibilityGlobals) = postSolution
		SolutionGuid = {370323A5-81E5-42EB-885B-DB3B936D6C25}
	EndGlobalSection
EndGlobal
